
Microsoft Visual Studio Solution File, Format Version 12.00
# Visual Studio Version 16
VisualStudioVersion = 16.0.31321.278
MinimumVisualStudioVersion = 10.0.40219.1
Project("{8BC9CEB8-8B4A-11D0-8D11-00A0C91BC942}") = "MiniOptifine", "MiniOptifine\MiniOptifine.vcxproj", "{178110D0-D3FB-46FF-B7E3-F7B9D1B0DACE}"
EndProject
Global
	GlobalSection(SolutionConfigurationPlatforms) = preSolution
		Debug|x64 = Debug|x64
		Debug|x86 = Debug|x86
		Release|x64 = Release|x64
		Release|x86 = Release|x86
	EndGlobalSection
	GlobalSection(ProjectConfigurationPlatforms) = postSolution
		{178110D0-D3FB-46FF-B7E3-F7B9D1B0DACE}.Debug|x64.ActiveCfg = Debug|x64
		{178110D0-D3FB-46FF-B7E3-F7B9D1B0DACE}.Debug|x64.Build.0 = Debug|x64
		{178110D0-D3FB-46FF-B7E3-F7B9D1B0DACE}.Debug|x86.ActiveCfg = Debug|Win32
		{178110D0-D3FB-46FF-B7E3-F7B9D1B0DACE}.Debug|x86.Build.0 = Debug|Win32
		{178110D0-D3FB-46FF-B7E3-F7B9D1B0DACE}.Release|x64.ActiveCfg = Release|x64
		{178110D0-D3FB-46FF-B7E3-F7B9D1B0DACE}.Release|x64.Build.0 = Release|x64
		{178110D0-D3FB-46FF-B7E3-F7B9D1B0DACE}.Release|x86.ActiveCfg = Release|Win32
		{178110D0-D3FB-46FF-B7E3-F7B9D1B0DACE}.Release|x86.Build.0 = Release|Win32
	EndGlobalSection
	GlobalSection(SolutionProperties) = preSolution
		HideSolutionNode = FALSE
	EndGlobalSection
	GlobalSection(ExtensibilityGlobals) = postSolution
		SolutionGuid = {8D6461C3-DB2E-45D1-A26D-BF632225F42C}
	EndGlobalSection
EndGlobal
